
Microsoft Visual Studio Solution File, Format Version 12.00
# Visual Studio Version 17
VisualStudioVersion = 17.4.33213.308
MinimumVisualStudioVersion = 10.0.40219.1
Project("{FAE04EC0-301F-11D3-BF4B-00C04F79EFBC}") = "DDITStudentPortal", "DDITStudentPortal\DDITStudentPortal.csproj", "{22014E07-3679-4BF1-B72A-E4EF8218C909}"
EndProject
Global
	GlobalSection(SolutionConfigurationPlatforms) = preSolution
		Debug|Any CPU = Debug|Any CPU
		Release|Any CPU = Release|Any CPU
	EndGlobalSection
	GlobalSection(ProjectConfigurationPlatforms) = postSolution
		{22014E07-3679-4BF1-B72A-E4EF8218C909}.Debug|Any CPU.ActiveCfg = Debug|Any CPU
		{22014E07-3679-4BF1-B72A-E4EF8218C909}.Debug|Any CPU.Build.0 = Debug|Any CPU
		{22014E07-3679-4BF1-B72A-E4EF8218C909}.Release|Any CPU.ActiveCfg = Release|Any CPU
		{22014E07-3679-4BF1-B72A-E4EF8218C909}.Release|Any CPU.Build.0 = Release|Any CPU
	EndGlobalSection
	GlobalSection(SolutionProperties) = preSolution
		HideSolutionNode = FALSE
	EndGlobalSection
	GlobalSection(ExtensibilityGlobals) = postSolution
		SolutionGuid = {F99E5C9F-8541-4686-907A-C22FB27981EB}
	EndGlobalSection
EndGlobal
